
Microsoft Visual Studio Solution File, Format Version 12.00
# Visual Studio Version 16
VisualStudioVersion = 16.0.31229.75
MinimumVisualStudioVersion = 10.0.40219.1
Project("{FAE04EC0-301F-11D3-BF4B-00C04F79EFBC}") = "FudGApplication", "FudGApplication\FudGApplication.csproj", "{EDDFF806-1B84-4842-B479-0E94EDEC3D5D}"
EndProject
Global
	GlobalSection(SolutionConfigurationPlatforms) = preSolution
		Debug|Any CPU = Debug|Any CPU
		Release|Any CPU = Release|Any CPU
	EndGlobalSection
	GlobalSection(ProjectConfigurationPlatforms) = postSolution
		{EDDFF806-1B84-4842-B479-0E94EDEC3D5D}.Debug|Any CPU.ActiveCfg = Debug|Any CPU
		{EDDFF806-1B84-4842-B479-0E94EDEC3D5D}.Debug|Any CPU.Build.0 = Debug|Any CPU
		{EDDFF806-1B84-4842-B479-0E94EDEC3D5D}.Release|Any CPU.ActiveCfg = Release|Any CPU
		{EDDFF806-1B84-4842-B479-0E94EDEC3D5D}.Release|Any CPU.Build.0 = Release|Any CPU
	EndGlobalSection
	GlobalSection(SolutionProperties) = preSolution
		HideSolutionNode = FALSE
	EndGlobalSection
	GlobalSection(ExtensibilityGlobals) = postSolution
		SolutionGuid = {B8FECBD4-786B-43CE-A1D4-B5ABE638C3A1}
	EndGlobalSection
EndGlobal
